{
  "requires": true,
  "lockfileVersion": 1,
  "dependencies": {
    "@angular/core": {
      "version": "11.1.0",
      "resolved": "https://registry.npmjs.org/@angular/core/-/core-11.1.0.tgz",
      "integrity": "sha512-VhiRWZEj9Q/OvbbSDcgQ4f53oVcMnDB4uNL8xaWnK0Sb3lZA4aQW3VOlROBITS5n2g7D1zRhvUzdfzVuyuMIaQ==",
      "requires": {
        "tslib": "^2.0.0"
      }
    },
    "tslib": {
      "version": "2.1.0",
      "resolved": "https://registry.npmjs.org/tslib/-/tslib-2.1.0.tgz",
      "integrity": "sha512-hcVC3wYEziELGGmEEXue7D75zbwIIVUMWAVbHItGPx0ziyXxrOMQx4rQEVEV45Ut/1IotuEvwqPopzIOkDMf0A=="
    }
  }
}
